// !$*UTF8*$!
{
	archiveVersion = 1;
	classes = {
	};
	objectVersion = 56;
	objects = {

/* Begin PBXBuildFile section */
		E13B09B12B6ED8EA0033D92C /* AppDelegate.swift in Sources */ = {isa = PBXBuildFile; fileRef = E13B09B02B6ED8EA0033D92C /* AppDelegate.swift */; };
		E13B09B32B6ED8EA0033D92C /* SceneDelegate.swift in Sources */ = {isa = PBXBuildFile; fileRef = E13B09B22B6ED8EA0033D92C /* SceneDelegate.swift */; };
		E13B09B52B6ED8EA0033D92C /* ViewController.swift in Sources */ = {isa = PBXBuildFile; fileRef = E13B09B42B6ED8EA0033D92C /* ViewController.swift */; };
		E13B09B82B6ED8EA0033D92C /* Main.storyboard in Resources */ = {isa = PBXBuildFile; fileRef = E13B09B62B6ED8EA0033D92C /* Main.storyboard */; };
		E13B09BA2B6ED8EC0033D92C /* Assets.xcassets in Resources */ = {isa = PBXBuildFile; fileRef = E13B09B92B6ED8EC0033D92C /* Assets.xcassets */; };
		E13B09BD2B6ED8EC0033D92C /* LaunchScreen.storyboard in Resources */ = {isa = PBXBuildFile; fileRef = E13B09BB2B6ED8EC0033D92C /* LaunchScreen.storyboard */; };
		E13B09C82B6ED8EC0033D92C /* ClockTests.swift in Sources */ = {isa = PBXBuildFile; fileRef = E13B09C72B6ED8EC0033D92C /* ClockTests.swift */; };
		E13B09D22B6ED8EC0033D92C /* ClockUITests.swift in Sources */ = {isa = PBXBuildFile; fileRef = E13B09D12B6ED8EC0033D92C /* ClockUITests.swift */; };
		E13B09D42B6ED8EC0033D92C /* ClockUITestsLaunchTests.swift in Sources */ = {isa = PBXBuildFile; fileRef = E13B09D32B6ED8EC0033D92C /* ClockUITestsLaunchTests.swift */; };
/* End PBXBuildFile section */

/* Begin PBXContainerItemProxy section */
		E13B09C42B6ED8EC0033D92C /* PBXContainerItemProxy */ = {
			isa = PBXContainerItemProxy;
			containerPortal = E13B09A52B6ED8EA0033D92C /* Project object */;
			proxyType = 1;
			remoteGlobalIDString = E13B09AC2B6ED8EA0033D92C;
			remoteInfo = Clock;
		};
		E13B09CE2B6ED8EC0033D92C /* PBXContainerItemProxy */ = {
			isa = PBXContainerItemProxy;
			containerPortal = E13B09A52B6ED8EA0033D92C /* Project object */;
			proxyType = 1;
			remoteGlobalIDString = E13B09AC2B6ED8EA0033D92C;
			remoteInfo = Clock;
		};
/* End PBXContainerItemProxy section */

/* Begin PBXFileReference section */
		E13B09AD2B6ED8EA0033D92C /* Clock.app */ = {isa = PBXFileReference; explicitFileType = wrapper.application; includeInIndex = 0; path = Clock.app; sourceTree = BUILT_PRODUCTS_DIR; };
		E13B09B02B6ED8EA0033D92C /* AppDelegate.swift */ = {isa = PBXFileReference; lastKnownFileType = sourcecode.swift; path = AppDelegate.swift; sourceTree = "<group>"; };
		E13B09B22B6ED8EA0033D92C /* SceneDelegate.swift */ = {isa = PBXFileReference; lastKnownFileType = sourcecode.swift; path = SceneDelegate.swift; sourceTree = "<group>"; };
		E13B09B42B6ED8EA0033D92C /* ViewController.swift */ = {isa = PBXFileReference; lastKnownFileType = sourcecode.swift; path = ViewController.swift; sourceTree = "<group>"; };
		E13B09B72B6ED8EA0033D92C /* Base */ = {isa = PBXFileReference; lastKnownFileType = file.storyboard; name = Base; path = Base.lproj/Main.storyboard; sourceTree = "<group>"; };
		E13B09B92B6ED8EC0033D92C /* Assets.xcassets */ = {isa = PBXFileReference; lastKnownFileType = folder.assetcatalog; path = Assets.xcassets; sourceTree = "<group>"; };
		E13B09BC2B6ED8EC0033D92C /* Base */ = {isa = PBXFileReference; lastKnownFileType = file.storyboard; name = Base; path = Base.lproj/LaunchScreen.storyboard; sourceTree = "<group>"; };
		E13B09BE2B6ED8EC0033D92C /* Info.plist */ = {isa = PBXFileReference; lastKnownFileType = text.plist.xml; path = Info.plist; sourceTree = "<group>"; };
		E13B09C32B6ED8EC0033D92C /* ClockTests.xctest */ = {isa = PBXFileReference; explicitFileType = wrapper.cfbundle; includeInIndex = 0; path = ClockTests.xctest; sourceTree = BUILT_PRODUCTS_DIR; };
		E13B09C72B6ED8EC0033D92C /* ClockTests.swift */ = {isa = PBXFileReference; lastKnownFileType = sourcecode.swift; path = ClockTests.swift; sourceTree = "<group>"; };
		E13B09CD2B6ED8EC0033D92C /* ClockUITests.xctest */ = {isa = PBXFileReference; explicitFileType = wrapper.cfbundle; includeInIndex = 0; path = ClockUITests.xctest; sourceTree = BUILT_PRODUCTS_DIR; };
		E13B09D12B6ED8EC0033D92C /* ClockUITests.swift */ = {isa = PBXFileReference; lastKnownFileType = sourcecode.swift; path = ClockUITests.swift; sourceTree = "<group>"; };
		E13B09D32B6ED8EC0033D92C /* ClockUITestsLaunchTests.swift */ = {isa = PBXFileReference; lastKnownFileType = sourcecode.swift; path = ClockUITestsLaunchTests.swift; sourceTree = "<group>"; };
/* End PBXFileReference section */

/* Begin PBXFrameworksBuildPhase section */
		E13B09AA2B6ED8EA0033D92C /* Frameworks */ = {
			isa = PBXFrameworksBuildPhase;
			buildActionMask = 2147483647;
			files = (
			);
			runOnlyForDeploymentPostprocessing = 0;
		};
		E13B09C02B6ED8EC0033D92C /* Frameworks */ = {
			isa = PBXFrameworksBuildPhase;
			buildActionMask = 2147483647;
			files = (
			);
			runOnlyForDeploymentPostprocessing = 0;
		};
		E13B09CA2B6ED8EC0033D92C /* Frameworks */ = {
			isa = PBXFrameworksBuildPhase;
			buildActionMask = 2147483647;
			files = (
			);
			runOnlyForDeploymentPostprocessing = 0;
		};
/* End PBXFrameworksBuildPhase section */

/* Begin PBXGroup section */
		E13B09A42B6ED8EA0033D92C = {
			isa = PBXGroup;
			children = (
				E13B09AF2B6ED8EA0033D92C /* Clock */,
				E13B09C62B6ED8EC0033D92C /* ClockTests */,
				E13B09D02B6ED8EC0033D92C /* ClockUITests */,
				E13B09AE2B6ED8EA0033D92C /* Products */,
			);
			sourceTree = "<group>";
		};
		E13B09AE2B6ED8EA0033D92C /* Products */ = {
			isa = PBXGroup;
			children = (
				E13B09AD2B6ED8EA0033D92C /* Clock.app */,
				E13B09C32B6ED8EC0033D92C /* ClockTests.xctest */,
				E13B09CD2B6ED8EC0033D92C /* ClockUITests.xctest */,
			);
			name = Products;
			sourceTree = "<group>";
		};
		E13B09AF2B6ED8EA0033D92C /* Clock */ = {
			isa = PBXGroup;
			children = (
				E13B09B02B6ED8EA0033D92C /* AppDelegate.swift */,
				E13B09B22B6ED8EA0033D92C /* SceneDelegate.swift */,
				E13B09B42B6ED8EA0033D92C /* ViewController.swift */,
				E13B09B62B6ED8EA0033D92C /* Main.storyboard */,
				E13B09B92B6ED8EC0033D92C /* Assets.xcassets */,
				E13B09BB2B6ED8EC0033D92C /* LaunchScreen.storyboard */,
				E13B09BE2B6ED8EC0033D92C /* Info.plist */,
			);
			path = Clock;
			sourceTree = "<group>";
		};
		E13B09C62B6ED8EC0033D92C /* ClockTests */ = {
			isa = PBXGroup;
			children = (
				E13B09C72B6ED8EC0033D92C /* ClockTests.swift */,
			);
			path = ClockTests;
			sourceTree = "<group>";
		};
		E13B09D02B6ED8EC0033D92C /* ClockUITests */ = {
			isa = PBXGroup;
			children = (
				E13B09D12B6ED8EC0033D92C /* ClockUITests.swift */,
				E13B09D32B6ED8EC0033D92C /* ClockUITestsLaunchTests.swift */,
			);
			path = ClockUITests;
			sourceTree = "<group>";
		};
/* End PBXGroup section */

/* Begin PBXNativeTarget section */
		E13B09AC2B6ED8EA0033D92C /* Clock */ = {
			isa = PBXNativeTarget;
			buildConfigurationList = E13B09D72B6ED8EC0033D92C /* Build configuration list for PBXNativeTarget "Clock" */;
			buildPhases = (
				E13B09A92B6ED8EA0033D92C /* Sources */,
				E13B09AA2B6ED8EA0033D92C /* Frameworks */,
				E13B09AB2B6ED8EA0033D92C /* Resources */,
			);
			buildRules = (
			);
			dependencies = (
			);
			name = Clock;
			productName = Clock;
			productReference = E13B09AD2B6ED8EA0033D92C /* Clock.app */;
			productType = "com.apple.product-type.application";
		};
		E13B09C22B6ED8EC0033D92C /* ClockTests */ = {
			isa = PBXNativeTarget;
			buildConfigurationList = E13B09DA2B6ED8EC0033D92C /* Build configuration list for PBXNativeTarget "ClockTests" */;
			buildPhases = (
				E13B09BF2B6ED8EC0033D92C /* Sources */,
				E13B09C02B6ED8EC0033D92C /* Frameworks */,
				E13B09C12B6ED8EC0033D92C /* Resources */,
			);
			buildRules = (
			);
			dependencies = (
				E13B09C52B6ED8EC0033D92C /* PBXTargetDependency */,
			);
			name = ClockTests;
			productName = ClockTests;
			productReference = E13B09C32B6ED8EC0033D92C /* ClockTests.xctest */;
			productType = "com.apple.product-type.bundle.unit-test";
		};
		E13B09CC2B6ED8EC0033D92C /* ClockUITests */ = {
			isa = PBXNativeTarget;
			buildConfigurationList = E13B09DD2B6ED8EC0033D92C /* Build configuration list for PBXNativeTarget "ClockUITests" */;
			buildPhases = (
				E13B09C92B6ED8EC0033D92C /* Sources */,
				E13B09CA2B6ED8EC0033D92C /* Frameworks */,
				E13B09CB2B6ED8EC0033D92C /* Resources */,
			);
			buildRules = (
			);
			dependencies = (
				E13B09CF2B6ED8EC0033D92C /* PBXTargetDependency */,
			);
			name = ClockUITests;
			productName = ClockUITests;
			productReference = E13B09CD2B6ED8EC0033D92C /* ClockUITests.xctest */;
			productType = "com.apple.product-type.bundle.ui-testing";
		};
/* End PBXNativeTarget section */

/* Begin PBXProject section */
		E13B09A52B6ED8EA0033D92C /* Project object */ = {
			isa = PBXProject;
			attributes = {
				BuildIndependentTargetsInParallel = 1;
				LastSwiftUpdateCheck = 1520;
				LastUpgradeCheck = 1520;
				TargetAttributes = {
					E13B09AC2B6ED8EA0033D92C = {
						CreatedOnToolsVersion = 15.2;
					};
					E13B09C22B6ED8EC0033D92C = {
						CreatedOnToolsVersion = 15.2;
						TestTargetID = E13B09AC2B6ED8EA0033D92C;
					};
					E13B09CC2B6ED8EC0033D92C = {
						CreatedOnToolsVersion = 15.2;
						TestTargetID = E13B09AC2B6ED8EA0033D92C;
					};
				};
			};
			buildConfigurationList = E13B09A82B6ED8EA0033D92C /* Build configuration list for PBXProject "Clock" */;
			compatibilityVersion = "Xcode 14.0";
			developmentRegion = en;
			hasScannedForEncodings = 0;
			knownRegions = (
				en,
				Base,
			);
			mainGroup = E13B09A42B6ED8EA0033D92C;
			productRefGroup = E13B09AE2B6ED8EA0033D92C /* Products */;
			projectDirPath = "";
			projectRoot = "";
			targets = (
				E13B09AC2B6ED8EA0033D92C /* Clock */,
				E13B09C22B6ED8EC0033D92C /* ClockTests */,
				E13B09CC2B6ED8EC0033D92C /* ClockUITests */,
			);
		};
/* End PBXProject section */

/* Begin PBXResourcesBuildPhase section */
		E13B09AB2B6ED8EA0033D92C /* Resources */ = {
			isa = PBXResourcesBuildPhase;
			buildActionMask = 2147483647;
			files = (
				E13B09BD2B6ED8EC0033D92C /* LaunchScreen.storyboard in Resources */,
				E13B09BA2B6ED8EC0033D92C /* Assets.xcassets in Resources */,
				E13B09B82B6ED8EA0033D92C /* Main.storyboard in Resources */,
			);
			runOnlyForDeploymentPostprocessing = 0;
		};
		E13B09C12B6ED8EC0033D92C /* Resources */ = {
			isa = PBXResourcesBuildPhase;
			buildActionMask = 2147483647;
			files = (
			);
			runOnlyForDeploymentPostprocessing = 0;
		};
		E13B09CB2B6ED8EC0033D92C /* Resources */ = {
			isa = PBXResourcesBuildPhase;
			buildActionMask = 2147483647;
			files = (
			);
			runOnlyForDeploymentPostprocessing = 0;
		};
/* End PBXResourcesBuildPhase section */

/* Begin PBXSourcesBuildPhase section */
		E13B09A92B6ED8EA0033D92C /* Sources */ = {
			isa = PBXSourcesBuildPhase;
			buildActionMask = 2147483647;
			files = (
				E13B09B52B6ED8EA0033D92C /* ViewController.swift in Sources */,
				E13B09B12B6ED8EA0033D92C /* AppDelegate.swift in Sources */,
				E13B09B32B6ED8EA0033D92C /* SceneDelegate.swift in Sources */,
			);
			runOnlyForDeploymentPostprocessing = 0;
		};
		E13B09BF2B6ED8EC0033D92C /* Sources */ = {
			isa = PBXSourcesBuildPhase;
			buildActionMask = 2147483647;
			files = (
				E13B09C82B6ED8EC0033D92C /* ClockTests.swift in Sources */,
			);
			runOnlyForDeploymentPostprocessing = 0;
		};
		E13B09C92B6ED8EC0033D92C /* Sources */ = {
			isa = PBXSourcesBuildPhase;
			buildActionMask = 2147483647;
			files = (
				E13B09D22B6ED8EC0033D92C /* ClockUITests.swift in Sources */,
				E13B09D42B6ED8EC0033D92C /* ClockUITestsLaunchTests.swift in Sources */,
			);
			runOnlyForDeploymentPostprocessing = 0;
		};
/* End PBXSourcesBuildPhase section */

/* Begin PBXTargetDependency section */
		E13B09C52B6ED8EC0033D92C /* PBXTargetDependency */ = {
			isa = PBXTargetDependency;
			target = E13B09AC2B6ED8EA0033D92C /* Clock */;
			targetProxy = E13B09C42B6ED8EC0033D92C /* PBXContainerItemProxy */;
		};
		E13B09CF2B6ED8EC0033D92C /* PBXTargetDependency */ = {
			isa = PBXTargetDependency;
			target = E13B09AC2B6ED8EA0033D92C /* Clock */;
			targetProxy = E13B09CE2B6ED8EC0033D92C /* PBXContainerItemProxy */;
		};
/* End PBXTargetDependency section */

/* Begin PBXVariantGroup section */
		E13B09B62B6ED8EA0033D92C /* Main.storyboard */ = {
			isa = PBXVariantGroup;
			children = (
				E13B09B72B6ED8EA0033D92C /* Base */,
			);
			name = Main.storyboard;
			sourceTree = "<group>";
		};
		E13B09BB2B6ED8EC0033D92C /* LaunchScreen.storyboard */ = {
			isa = PBXVariantGroup;
			children = (
				E13B09BC2B6ED8EC0033D92C /* Base */,
			);
			name = LaunchScreen.storyboard;
			sourceTree = "<group>";
		};
/* End PBXVariantGroup section */

/* Begin XCBuildConfiguration section */
		E13B09D52B6ED8EC0033D92C /* Debug */ = {
			isa = XCBuildConfiguration;
			buildSettings = {
				ALWAYS_SEARCH_USER_PATHS = NO;
				ASSETCATALOG_COMPILER_GENERATE_SWIFT_ASSET_SYMBOL_EXTENSIONS = YES;
				CLANG_ANALYZER_NONNULL = YES;
				CLANG_ANALYZER_NUMBER_OBJECT_CONVERSION = YES_AGGRESSIVE;
				CLANG_CXX_LANGUAGE_STANDARD = "gnu++20";
				CLANG_ENABLE_MODULES = YES;
				CLANG_ENABLE_OBJC_ARC = YES;
				CLANG_ENABLE_OBJC_WEAK = YES;
				CLANG_WARN_BLOCK_CAPTURE_AUTORELEASING = YES;
				CLANG_WARN_BOOL_CONVERSION = YES;
				CLANG_WARN_COMMA = YES;
				CLANG_WARN_CONSTANT_CONVERSION = YES;
				CLANG_WARN_DEPRECATED_OBJC_IMPLEMENTATIONS = YES;
				CLANG_WARN_DIRECT_OBJC_ISA_USAGE = YES_ERROR;
				CLANG_WARN_DOCUMENTATION_COMMENTS = YES;
				CLANG_WARN_EMPTY_BODY = YES;
				CLANG_WARN_ENUM_CONVERSION = YES;
				CLANG_WARN_INFINITE_RECURSION = YES;
				CLANG_WARN_INT_CONVERSION = YES;
				CLANG_WARN_NON_LITERAL_NULL_CONVERSION = YES;
				CLANG_WARN_OBJC_IMPLICIT_RETAIN_SELF = YES;
				CLANG_WARN_OBJC_LITERAL_CONVERSION = YES;
				CLANG_WARN_OBJC_ROOT_CLASS = YES_ERROR;
				CLANG_WARN_QUOTED_INCLUDE_IN_FRAMEWORK_HEADER = YES;
				CLANG_WARN_RANGE_LOOP_ANALYSIS = YES;
				CLANG_WARN_STRICT_PROTOTYPES = YES;
				CLANG_WARN_SUSPICIOUS_MOVE = YES;
				CLANG_WARN_UNGUARDED_AVAILABILITY = YES_AGGRESSIVE;
				CLANG_WARN_UNREACHABLE_CODE = YES;
				CLANG_WARN__DUPLICATE_METHOD_MATCH = YES;
				COPY_PHASE_STRIP = NO;
				DEBUG_INFORMATION_FORMAT = dwarf;
				ENABLE_STRICT_OBJC_MSGSEND = YES;
				ENABLE_TESTABILITY = YES;
				ENABLE_USER_SCRIPT_SANDBOXING = YES;
				GCC_C_LANGUAGE_STANDARD = gnu17;
				GCC_DYNAMIC_NO_PIC = NO;
				GCC_NO_COMMON_BLOCKS = YES;
				GCC_OPTIMIZATION_LEVEL = 0;
				GCC_PREPROCESSOR_DEFINITIONS = (
					"DEBUG=1",
					"$(inherited)",
				);
				GCC_WARN_64_TO_32_BIT_CONVERSION = YES;
				GCC_WARN_ABOUT_RETURN_TYPE = YES_ERROR;
				GCC_WARN_UNDECLARED_SELECTOR = YES;
				GCC_WARN_UNINITIALIZED_AUTOS = YES_AGGRESSIVE;
				GCC_WARN_UNUSED_FUNCTION = YES;
				GCC_WARN_UNUSED_VARIABLE = YES;
				IPHONEOS_DEPLOYMENT_TARGET = 17.2;
				LOCALIZATION_PREFERS_STRING_CATALOGS = YES;
				MTL_ENABLE_DEBUG_INFO = INCLUDE_SOURCE;
				MTL_FAST_MATH = YES;
				ONLY_ACTIVE_ARCH = YES;
				SDKROOT = iphoneos;
				SWIFT_ACTIVE_COMPILATION_CONDITIONS = "DEBUG $(inherited)";
				SWIFT_OPTIMIZATION_LEVEL = "-Onone";
			};
			name = Debug;
		};
		E13B09D62B6ED8EC0033D92C /* Release */ = {
			isa = XCBuildConfiguration;
			buildSettings = {
				ALWAYS_SEARCH_USER_PATHS = NO;
				ASSETCATALOG_COMPILER_GENERATE_SWIFT_ASSET_SYMBOL_EXTENSIONS = YES;
				CLANG_ANALYZER_NONNULL = YES;
				CLANG_ANALYZER_NUMBER_OBJECT_CONVERSION = YES_AGGRESSIVE;
				CLANG_CXX_LANGUAGE_STANDARD = "gnu++20";
				CLANG_ENABLE_MODULES = YES;
				CLANG_ENABLE_OBJC_ARC = YES;
				CLANG_ENABLE_OBJC_WEAK = YES;
				CLANG_WARN_BLOCK_CAPTURE_AUTORELEASING = YES;
				CLANG_WARN_BOOL_CONVERSION = YES;
				CLANG_WARN_COMMA = YES;
				CLANG_WARN_CONSTANT_CONVERSION = YES;
				CLANG_WARN_DEPRECATED_OBJC_IMPLEMENTATIONS = YES;
				CLANG_WARN_DIRECT_OBJC_ISA_USAGE = YES_ERROR;
				CLANG_WARN_DOCUMENTATION_COMMENTS = YES;
				CLANG_WARN_EMPTY_BODY = YES;
				CLANG_WARN_ENUM_CONVERSION = YES;
				CLANG_WARN_INFINITE_RECURSION = YES;
				CLANG_WARN_INT_CONVERSION = YES;
				CLANG_WARN_NON_LITERAL_NULL_CONVERSION = YES;
				CLANG_WARN_OBJC_IMPLICIT_RETAIN_SELF = YES;
				CLANG_WARN_OBJC_LITERAL_CONVERSION = YES;
				CLANG_WARN_OBJC_ROOT_CLASS = YES_ERROR;
				CLANG_WARN_QUOTED_INCLUDE_IN_FRAMEWORK_HEADER = YES;
				CLANG_WARN_RANGE_LOOP_ANALYSIS = YES;
				CLANG_WARN_STRICT_PROTOTYPES = YES;
				CLANG_WARN_SUSPICIOUS_MOVE = YES;
				CLANG_WARN_UNGUARDED_AVAILABILITY = YES_AGGRESSIVE;
				CLANG_WARN_UNREACHABLE_CODE = YES;
				CLANG_WARN__DUPLICATE_METHOD_MATCH = YES;
				COPY_PHASE_STRIP = NO;
				DEBUG_INFORMATION_FORMAT = "dwarf-with-dsym";
				ENABLE_NS_ASSERTIONS = NO;
				ENABLE_STRICT_OBJC_MSGSEND = YES;
				ENABLE_USER_SCRIPT_SANDBOXING = YES;
				GCC_C_LANGUAGE_STANDARD = gnu17;
				GCC_NO_COMMON_BLOCKS = YES;
				GCC_WARN_64_TO_32_BIT_CONVERSION = YES;
				GCC_WARN_ABOUT_RETURN_TYPE = YES_ERROR;
				GCC_WARN_UNDECLARED_SELECTOR = YES;
				GCC_WARN_UNINITIALIZED_AUTOS = YES_AGGRESSIVE;
				GCC_WARN_UNUSED_FUNCTION = YES;
				GCC_WARN_UNUSED_VARIABLE = YES;
				IPHONEOS_DEPLOYMENT_TARGET = 17.2;
				LOCALIZATION_PREFERS_STRING_CATALOGS = YES;
				MTL_ENABLE_DEBUG_INFO = NO;
				MTL_FAST_MATH = YES;
				SDKROOT = iphoneos;
				SWIFT_COMPILATION_MODE = wholemodule;
				VALIDATE_PRODUCT = YES;
			};
			name = Release;
		};
		E13B09D82B6ED8EC0033D92C /* Debug */ = {
			isa = XCBuildConfiguration;
			buildSettings = {
				ASSETCATALOG_COMPILER_APPICON_NAME = AppIcon;
				ASSETCATALOG_COMPILER_GLOBAL_ACCENT_COLOR_NAME = AccentColor;
				CODE_SIGN_STYLE = Automatic;
				CURRENT_PROJECT_VERSION = 1;
				GENERATE_INFOPLIST_FILE = YES;
				INFOPLIST_FILE = Clock/Info.plist;
				INFOPLIST_KEY_UIApplicationSupportsIndirectInputEvents = YES;
				INFOPLIST_KEY_UILaunchStoryboardName = LaunchScreen;
				INFOPLIST_KEY_UIMainStoryboardFile = Main;
				INFOPLIST_KEY_UISupportedInterfaceOrientations_iPad = "UIInterfaceOrientationPortrait UIInterfaceOrientationPortraitUpsideDown UIInterfaceOrientationLandscapeLeft UIInterfaceOrientationLandscapeRight";
				INFOPLIST_KEY_UISupportedInterfaceOrientations_iPhone = "UIInterfaceOrientationPortrait UIInterfaceOrientationLandscapeLeft UIInterfaceOrientationLandscapeRight";
				LD_RUNPATH_SEARCH_PATHS = (
					"$(inherited)",
					"@executable_path/Frameworks",
				);
				MARKETING_VERSION = 1.0;
				PRODUCT_BUNDLE_IDENTIFIER = jasmine.Clock;
				PRODUCT_NAME = "$(TARGET_NAME)";
				SWIFT_EMIT_LOC_STRINGS = YES;
				SWIFT_VERSION = 5.0;
				TARGETED_DEVICE_FAMILY = "1,2";
			};
			name = Debug;
		};
		E13B09D92B6ED8EC0033D92C /* Release */ = {
			isa = XCBuildConfiguration;
			buildSettings = {
				ASSETCATALOG_COMPILER_APPICON_NAME = AppIcon;
				ASSETCATALOG_COMPILER_GLOBAL_ACCENT_COLOR_NAME = AccentColor;
				CODE_SIGN_STYLE = Automatic;
				CURRENT_PROJECT_VERSION = 1;
				GENERATE_INFOPLIST_FILE = YES;
				INFOPLIST_FILE = Clock/Info.plist;
				INFOPLIST_KEY_UIApplicationSupportsIndirectInputEvents = YES;
				INFOPLIST_KEY_UILaunchStoryboardName = LaunchScreen;
				INFOPLIST_KEY_UIMainStoryboardFile = Main;
				INFOPLIST_KEY_UISupportedInterfaceOrientations_iPad = "UIInterfaceOrientationPortrait UIInterfaceOrientationPortraitUpsideDown UIInterfaceOrientationLandscapeLeft UIInterfaceOrientationLandscapeRight";
				INFOPLIST_KEY_UISupportedInterfaceOrientations_iPhone = "UIInterfaceOrientationPortrait UIInterfaceOrientationLandscapeLeft UIInterfaceOrientationLandscapeRight";
				LD_RUNPATH_SEARCH_PATHS = (
					"$(inherited)",
					"@executable_path/Frameworks",
				);
				MARKETING_VERSION = 1.0;
				PRODUCT_BUNDLE_IDENTIFIER = jasmine.Clock;
				PRODUCT_NAME = "$(TARGET_NAME)";
				SWIFT_EMIT_LOC_STRINGS = YES;
				SWIFT_VERSION = 5.0;
				TARGETED_DEVICE_FAMILY = "1,2";
			};
			name = Release;
		};
		E13B09DB2B6ED8EC0033D92C /* Debug */ = {
			isa = XCBuildConfiguration;
			buildSettings = {
				ALWAYS_EMBED_SWIFT_STANDARD_LIBRARIES = YES;
				BUNDLE_LOADER = "$(TEST_HOST)";
				CODE_SIGN_STYLE = Automatic;
				CURRENT_PROJECT_VERSION = 1;
				GENERATE_INFOPLIST_FILE = YES;
				IPHONEOS_DEPLOYMENT_TARGET = 17.2;
				MARKETING_VERSION = 1.0;
				PRODUCT_BUNDLE_IDENTIFIER = jasmine.ClockTests;
				PRODUCT_NAME = "$(TARGET_NAME)";
				SWIFT_EMIT_LOC_STRINGS = NO;
				SWIFT_VERSION = 5.0;
				TARGETED_DEVICE_FAMILY = "1,2";
				TEST_HOST = "$(BUILT_PRODUCTS_DIR)/Clock.app/$(BUNDLE_EXECUTABLE_FOLDER_PATH)/Clock";
			};
			name = Debug;
		};
		E13B09DC2B6ED8EC0033D92C /* Release */ = {
			isa = XCBuildConfiguration;
			buildSettings = {
				ALWAYS_EMBED_SWIFT_STANDARD_LIBRARIES = YES;
				BUNDLE_LOADER = "$(TEST_HOST)";
				CODE_SIGN_STYLE = Automatic;
				CURRENT_PROJECT_VERSION = 1;
				GENERATE_INFOPLIST_FILE = YES;
				IPHONEOS_DEPLOYMENT_TARGET = 17.2;
				MARKETING_VERSION = 1.0;
				PRODUCT_BUNDLE_IDENTIFIER = jasmine.ClockTests;
				PRODUCT_NAME = "$(TARGET_NAME)";
				SWIFT_EMIT_LOC_STRINGS = NO;
				SWIFT_VERSION = 5.0;
				TARGETED_DEVICE_FAMILY = "1,2";
				TEST_HOST = "$(BUILT_PRODUCTS_DIR)/Clock.app/$(BUNDLE_EXECUTABLE_FOLDER_PATH)/Clock";
			};
			name = Release;
		};
		E13B09DE2B6ED8EC0033D92C /* Debug */ = {
			isa = XCBuildConfiguration;
			buildSettings = {
				ALWAYS_EMBED_SWIFT_STANDARD_LIBRARIES = YES;
				CODE_SIGN_STYLE = Automatic;
				CURRENT_PROJECT_VERSION = 1;
				GENERATE_INFOPLIST_FILE = YES;
				MARKETING_VERSION = 1.0;
				PRODUCT_BUNDLE_IDENTIFIER = jasmine.ClockUITests;
				PRODUCT_NAME = "$(TARGET_NAME)";
				SWIFT_EMIT_LOC_STRINGS = NO;
				SWIFT_VERSION = 5.0;
				TARGETED_DEVICE_FAMILY = "1,2";
				TEST_TARGET_NAME = Clock;
			};
			name = Debug;
		};
		E13B09DF2B6ED8EC0033D92C /* Release */ = {
			isa = XCBuildConfiguration;
			buildSettings = {
				ALWAYS_EMBED_SWIFT_STANDARD_LIBRARIES = YES;
				CODE_SIGN_STYLE = Automatic;
				CURRENT_PROJECT_VERSION = 1;
				GENERATE_INFOPLIST_FILE = YES;
				MARKETING_VERSION = 1.0;
				PRODUCT_BUNDLE_IDENTIFIER = jasmine.ClockUITests;
				PRODUCT_NAME = "$(TARGET_NAME)";
				SWIFT_EMIT_LOC_STRINGS = NO;
				SWIFT_VERSION = 5.0;
				TARGETED_DEVICE_FAMILY = "1,2";
				TEST_TARGET_NAME = Clock;
			};
			name = Release;
		};
/* End XCBuildConfiguration section */

/* Begin XCConfigurationList section */
		E13B09A82B6ED8EA0033D92C /* Build configuration list for PBXProject "Clock" */ = {
			isa = XCConfigurationList;
			buildConfigurations = (
				E13B09D52B6ED8EC0033D92C /* Debug */,
				E13B09D62B6ED8EC0033D92C /* Release */,
			);
			defaultConfigurationIsVisible = 0;
			defaultConfigurationName = Release;
		};
		E13B09D72B6ED8EC0033D92C /* Build configuration list for PBXNativeTarget "Clock" */ = {
			isa = XCConfigurationList;
			buildConfigurations = (
				E13B09D82B6ED8EC0033D92C /* Debug */,
				E13B09D92B6ED8EC0033D92C /* Release */,
			);
			defaultConfigurationIsVisible = 0;
			defaultConfigurationName = Release;
		};
		E13B09DA2B6ED8EC0033D92C /* Build configuration list for PBXNativeTarget "ClockTests" */ = {
			isa = XCConfigurationList;
			buildConfigurations = (
				E13B09DB2B6ED8EC0033D92C /* Debug */,
				E13B09DC2B6ED8EC0033D92C /* Release */,
			);
			defaultConfigurationIsVisible = 0;
			defaultConfigurationName = Release;
		};
		E13B09DD2B6ED8EC0033D92C /* Build configuration list for PBXNativeTarget "ClockUITests" */ = {
			isa = XCConfigurationList;
			buildConfigurations = (
				E13B09DE2B6ED8EC0033D92C /* Debug */,
				E13B09DF2B6ED8EC0033D92C /* Release */,
			);
			defaultConfigurationIsVisible = 0;
			defaultConfigurationName = Release;
		};
/* End XCConfigurationList section */
	};
	rootObject = E13B09A52B6ED8EA0033D92C /* Project object */;
}
